<?xml version="1.0" encoding="utf-8"?>
<Project ToolsVersion="4.0" xmlns="http://schemas.microsoft.com/developer/msbuild/2003">
  <ItemGroup>
    <Filter Include="KamataEngine">
      <UniqueIdentifier>{4FC737F1-C7A5-4376-A066-2A32D752A2FF}</UniqueIdentifier>
      <Extensions>cpp;c;cc;cxx;c++;cppm;ixx;def;odl;idl;hpj;bat;asm;asmx</Extensions>
    </Filter>
    <Filter Include="KamataEngine\Source">
      <UniqueIdentifier>{d966e9f8-e880-44ae-8586-a08515e4cffc}</UniqueIdentifier>
    </Filter>
    <Filter Include="KamataEngine\Include">
      <UniqueIdentifier>{4aae4e40-94f7-4d32-9a91-c0c37a2edf0d}</UniqueIdentifier>
    </Filter>
    <Filter Include="KamataEngine\Adapter">
      <UniqueIdentifier>{c6468eb4-788b-4a83-b207-a5f4804e56c5}</UniqueIdentifier>
    </Filter>
    <Filter Include="MyClass">
      <UniqueIdentifier>{7e6e90c5-f17e-47e8-8441-56d1ea2c0147}</UniqueIdentifier>
    </Filter>
    <Filter Include="MyClass\Math">
      <UniqueIdentifier>{4d186104-1633-4a20-9738-5b7f92781666}</UniqueIdentifier>
    </Filter>
    <Filter Include="MyClass\Const">
      <UniqueIdentifier>{b9e3dfb8-9557-4eb0-b249-11a1703e7d0d}</UniqueIdentifier>
    </Filter>
    <Filter Include="MyClass\Enum">
      <UniqueIdentifier>{0e0c4c88-6b61-41e9-a306-a59f70126204}</UniqueIdentifier>
    </Filter>
    <Filter Include="MyClass\Object">
      <UniqueIdentifier>{291c0b41-1f66-4374-ad50-62eb98ceedcd}</UniqueIdentifier>
    </Filter>
    <Filter Include="MyClass\Input">
      <UniqueIdentifier>{2fd58815-8316-4e1d-94ed-1c8711bda555}</UniqueIdentifier>
    </Filter>
    <Filter Include="MyClass\Camera">
      <UniqueIdentifier>{496ad5b3-4853-42c3-86ed-05d98858ed5c}</UniqueIdentifier>
    </Filter>
    <Filter Include="MyClass\Object\Player">
      <UniqueIdentifier>{8f0dec94-fa27-4b86-a637-cab778a400a3}</UniqueIdentifier>
    </Filter>
    <Filter Include="MyClass\Object\Enemy">
      <UniqueIdentifier>{613195ff-bb12-42bf-9bd7-de16134c2469}</UniqueIdentifier>
    </Filter>
    <Filter Include="MyClass\Map">
      <UniqueIdentifier>{1c44188e-e97f-4479-9521-e17ac0a6d1d5}</UniqueIdentifier>
    </Filter>
    <Filter Include="MyClass\Draw">
      <UniqueIdentifier>{b156cb87-b61d-434d-963a-0fb5738b7f33}</UniqueIdentifier>
    </Filter>
    <Filter Include="MyClass\Struct">
      <UniqueIdentifier>{5bcf49ca-3bdb-4869-ada3-103911550847}</UniqueIdentifier>
    </Filter>
  </ItemGroup>
  <ItemGroup>
    <ClCompile Include="C:\KamataEngine\DirectXGame\base\DirectXCommon.cpp">
      <Filter>KamataEngine\Source</Filter>
    </ClCompile>
    <ClCompile Include="C:\KamataEngine\DirectXGame\base\TextureManager.cpp">
      <Filter>KamataEngine\Source</Filter>
    </ClCompile>
    <ClCompile Include="C:\KamataEngine\DirectXGame\scene\GameScene.cpp">
      <Filter>KamataEngine\Source</Filter>
    </ClCompile>
    <ClCompile Include="C:\KamataEngine\DirectXGame\base\WinApp.cpp">
      <Filter>KamataEngine\Source</Filter>
    </ClCompile>
    <ClCompile Include="main.cpp" />
    <ClCompile Include="C:\KamataEngine\Adapter\Novice.cpp">
      <Filter>KamataEngine\Adapter</Filter>
    </ClCompile>
    <ClCompile Include="C:\KamataEngine\DirectXGame\2d\ImGuiManager.cpp">
      <Filter>KamataEngine</Filter>
    </ClCompile>
    <ClCompile Include="MyMath.cpp">
      <Filter>MyClass\Math</Filter>
    </ClCompile>
    <ClCompile Include="MyInput.cpp">
      <Filter>MyClass\Input</Filter>
    </ClCompile>
    <ClCompile Include="Object.cpp">
      <Filter>MyClass\Object</Filter>
    </ClCompile>
    <ClCompile Include="MyCamera.cpp">
      <Filter>MyClass\Camera</Filter>
    </ClCompile>
    <ClCompile Include="ObjectManager.cpp">
      <Filter>MyClass\Object</Filter>
    </ClCompile>
    <ClCompile Include="Player.cpp">
      <Filter>MyClass\Object\Player</Filter>
    </ClCompile>
    <ClCompile Include="Enemy.cpp">
      <Filter>MyClass\Object\Enemy</Filter>
    </ClCompile>
    <ClCompile Include="Map.cpp">
      <Filter>MyClass\Map</Filter>
    </ClCompile>
    <ClCompile Include="MapManager.cpp">
      <Filter>MyClass\Map</Filter>
    </ClCompile>
    <ClCompile Include="MyDraw.cpp">
      <Filter>MyClass\Draw</Filter>
    </ClCompile>
  </ItemGroup>
  <ItemGroup>
    <ClInclude Include="C:\KamataEngine\DirectXGame\audio\Audio.h">
      <Filter>KamataEngine\Include</Filter>
    </ClInclude>
    <ClInclude Include="C:\KamataEngine\DirectXGame\2d\DebugText.h">
      <Filter>KamataEngine\Include</Filter>
    </ClInclude>
    <ClInclude Include="C:\KamataEngine\DirectXGame\base\DirectXCommon.h">
      <Filter>KamataEngine\Include</Filter>
    </ClInclude>
    <ClInclude Include="C:\KamataEngine\DirectXGame\scene\GameScene.h">
      <Filter>KamataEngine\Include</Filter>
    </ClInclude>
    <ClInclude Include="C:\KamataEngine\DirectXGame\input\Input.h">
      <Filter>KamataEngine\Include</Filter>
    </ClInclude>
    <ClInclude Include="C:\KamataEngine\DirectXGame\3d\Model.h">
      <Filter>KamataEngine\Include</Filter>
    </ClInclude>
    <ClInclude Include="C:\KamataEngine\DirectXGame\base\SafeDelete.h">
      <Filter>KamataEngine\Include</Filter>
    </ClInclude>
    <ClInclude Include="C:\KamataEngine\DirectXGame\2d\Sprite.h">
      <Filter>KamataEngine\Include</Filter>
    </ClInclude>
    <ClInclude Include="C:\KamataEngine\DirectXGame\base\TextureManager.h">
      <Filter>KamataEngine\Include</Filter>
    </ClInclude>
    <ClInclude Include="C:\KamataEngine\DirectXGame\3d\ViewProjection.h">
      <Filter>KamataEngine\Include</Filter>
    </ClInclude>
    <ClInclude Include="C:\KamataEngine\DirectXGame\base\WinApp.h">
      <Filter>KamataEngine\Include</Filter>
    </ClInclude>
    <ClInclude Include="C:\KamataEngine\DirectXGame\3d\WorldTransform.h">
      <Filter>KamataEngine\Include</Filter>
    </ClInclude>
    <ClInclude Include="C:\KamataEngine\Adapter\Novice.h">
      <Filter>KamataEngine\Adapter</Filter>
    </ClInclude>
    <ClInclude Include="C:\KamataEngine\DirectXGame\3d\CircleShadow.h">
      <Filter>KamataEngine\Include</Filter>
    </ClInclude>
    <ClInclude Include="C:\KamataEngine\DirectXGame\3d\DebugCamera.h">
      <Filter>KamataEngine\Include</Filter>
    </ClInclude>
    <ClInclude Include="C:\KamataEngine\DirectXGame\3d\DirectionalLight.h">
      <Filter>KamataEngine\Include</Filter>
    </ClInclude>
    <ClInclude Include="C:\KamataEngine\DirectXGame\3d\LightGroup.h">
      <Filter>KamataEngine\Include</Filter>
    </ClInclude>
    <ClInclude Include="C:\KamataEngine\DirectXGame\3d\Material.h">
      <Filter>KamataEngine\Include</Filter>
    </ClInclude>
    <ClInclude Include="C:\KamataEngine\DirectXGame\3d\Mesh.h">
      <Filter>KamataEngine\Include</Filter>
    </ClInclude>
    <ClInclude Include="C:\KamataEngine\DirectXGame\3d\PointLight.h">
      <Filter>KamataEngine\Include</Filter>
    </ClInclude>
    <ClInclude Include="C:\KamataEngine\DirectXGame\3d\SpotLight.h">
      <Filter>KamataEngine\Include</Filter>
    </ClInclude>
    <ClInclude Include="C:\KamataEngine\DirectXGame\math\Matrix4x4.h" />
    <ClInclude Include="C:\KamataEngine\DirectXGame\math\Vector2.h" />
    <ClInclude Include="C:\KamataEngine\DirectXGame\math\Vector3.h" />
    <ClInclude Include="C:\KamataEngine\DirectXGame\math\Vector4.h" />
    <ClInclude Include="C:\KamataEngine\DirectXGame\2d\ImGuiManager.h" />
    <ClInclude Include="..\TR1_TimeProject\Matrix3x3.h" />
    <ClInclude Include="MyMath.h">
      <Filter>MyClass\Math</Filter>
    </ClInclude>
    <ClInclude Include="MyConst.h">
      <Filter>MyClass\Const</Filter>
    </ClInclude>
    <ClInclude Include="MyEnum.h">
      <Filter>MyClass\Enum</Filter>
    </ClInclude>
    <ClInclude Include="MyInput.h">
      <Filter>MyClass\Input</Filter>
    </ClInclude>
    <ClInclude Include="Object.h">
      <Filter>MyClass\Object</Filter>
    </ClInclude>
    <ClInclude Include="MyCamera.h">
      <Filter>MyClass\Camera</Filter>
    </ClInclude>
    <ClInclude Include="ObjectManager.h">
      <Filter>MyClass\Object</Filter>
    </ClInclude>
    <ClInclude Include="Player.h">
      <Filter>MyClass\Object\Player</Filter>
    </ClInclude>
    <ClInclude Include="MyStruct.h">
      <Filter>MyClass\Struct</Filter>
    </ClInclude>
    <ClInclude Include="Enemy.h">
      <Filter>MyClass\Object\Enemy</Filter>
    </ClInclude>
    <ClInclude Include="Map.h">
      <Filter>MyClass\Map</Filter>
    </ClInclude>
    <ClInclude Include="MapManager.h">
      <Filter>MyClass\Map</Filter>
    </ClInclude>
    <ClInclude Include="MyDraw.h">
      <Filter>MyClass\Draw</Filter>
    </ClInclude>
  </ItemGroup>
</Project>